
Microsoft Visual Studio Solution File, Format Version 12.00
# Visual Studio Version 17
VisualStudioVersion = 17.5.002.0
MinimumVisualStudioVersion = 10.0.40219.1
Project("{9A19103F-16F7-4668-BE54-9A1E7A4F7556}") = "ProjetoAulas", "ProjetoAulas.csproj", "{D73FDF73-A612-43FC-B01E-2F6BA86F73FE}"
EndProject
Global
	GlobalSection(SolutionConfigurationPlatforms) = preSolution
		Debug|Any CPU = Debug|Any CPU
		Release|Any CPU = Release|Any CPU
	EndGlobalSection
	GlobalSection(ProjectConfigurationPlatforms) = postSolution
		{D73FDF73-A612-43FC-B01E-2F6BA86F73FE}.Debug|Any CPU.ActiveCfg = Debug|Any CPU
		{D73FDF73-A612-43FC-B01E-2F6BA86F73FE}.Debug|Any CPU.Build.0 = Debug|Any CPU
		{D73FDF73-A612-43FC-B01E-2F6BA86F73FE}.Release|Any CPU.ActiveCfg = Release|Any CPU
		{D73FDF73-A612-43FC-B01E-2F6BA86F73FE}.Release|Any CPU.Build.0 = Release|Any CPU
	EndGlobalSection
	GlobalSection(SolutionProperties) = preSolution
		HideSolutionNode = FALSE
	EndGlobalSection
	GlobalSection(ExtensibilityGlobals) = postSolution
		SolutionGuid = {6306195E-34FA-4709-9355-EAC82E1C29DC}
	EndGlobalSection
EndGlobal
